
Microsoft Visual Studio Solution File, Format Version 12.00
# Visual Studio Version 17
VisualStudioVersion = 17.10.35013.160
MinimumVisualStudioVersion = 10.0.40219.1
Project("{FAE04EC0-301F-11D3-BF4B-00C04F79EFBC}") = "Challenge1", "ProjectSolutions\Challenge1.csproj", "{E068310C-EF41-4179-9B4B-30B0A38A57D2}"
EndProject
Project("{FAE04EC0-301F-11D3-BF4B-00C04F79EFBC}") = "Challenge2", "Challenge2\Challenge2.csproj", "{0F8D6D24-8B74-4FB9-8B48-C927A56F7424}"
EndProject
Project("{FAE04EC0-301F-11D3-BF4B-00C04F79EFBC}") = "Challenge3", "Challenge3\Challenge3.csproj", "{19404617-6BFC-4149-B40A-F70271CF56E0}"
EndProject
Project("{FAE04EC0-301F-11D3-BF4B-00C04F79EFBC}") = "Challenge4", "Challenge4\Challenge4.csproj", "{59B14CBB-CEB2-4EBF-9154-1A383EDF32E2}"
EndProject
Project("{FAE04EC0-301F-11D3-BF4B-00C04F79EFBC}") = "Challenge5", "Challenge5\Challenge5.csproj", "{1F4414A5-54DF-4FCD-93E8-86ECE661A9E0}"
EndProject
Project("{FAE04EC0-301F-11D3-BF4B-00C04F79EFBC}") = "Challenge6", "Challenge6\Challenge6.csproj", "{E6563443-24F6-48E5-A155-F51EE78C9770}"
EndProject
Project("{FAE04EC0-301F-11D3-BF4B-00C04F79EFBC}") = "Challenge7", "Challenge7\Challenge7.csproj", "{90CA196E-EDC2-4038-BB4F-0B4997C7EF9D}"
EndProject
Project("{FAE04EC0-301F-11D3-BF4B-00C04F79EFBC}") = "Challenge8", "Challenge8\Challenge8.csproj", "{BB163347-D584-468A-845B-5A2694417E57}"
EndProject
Project("{FAE04EC0-301F-11D3-BF4B-00C04F79EFBC}") = "Challenge9", "Challenge9\Challenge9.csproj", "{08B48333-49B3-4CF2-B228-48684B57E4AC}"
EndProject
Project("{FAE04EC0-301F-11D3-BF4B-00C04F79EFBC}") = "Challenge11", "Challenge11\Challenge11.csproj", "{76148D34-32B2-46EB-8A3C-3C69B752030D}"
EndProject
Global
	GlobalSection(SolutionConfigurationPlatforms) = preSolution
		Debug|Any CPU = Debug|Any CPU
		Release|Any CPU = Release|Any CPU
	EndGlobalSection
	GlobalSection(ProjectConfigurationPlatforms) = postSolution
		{E068310C-EF41-4179-9B4B-30B0A38A57D2}.Debug|Any CPU.ActiveCfg = Debug|Any CPU
		{E068310C-EF41-4179-9B4B-30B0A38A57D2}.Debug|Any CPU.Build.0 = Debug|Any CPU
		{E068310C-EF41-4179-9B4B-30B0A38A57D2}.Release|Any CPU.ActiveCfg = Release|Any CPU
		{E068310C-EF41-4179-9B4B-30B0A38A57D2}.Release|Any CPU.Build.0 = Release|Any CPU
		{0F8D6D24-8B74-4FB9-8B48-C927A56F7424}.Debug|Any CPU.ActiveCfg = Debug|Any CPU
		{0F8D6D24-8B74-4FB9-8B48-C927A56F7424}.Debug|Any CPU.Build.0 = Debug|Any CPU
		{0F8D6D24-8B74-4FB9-8B48-C927A56F7424}.Release|Any CPU.ActiveCfg = Release|Any CPU
		{0F8D6D24-8B74-4FB9-8B48-C927A56F7424}.Release|Any CPU.Build.0 = Release|Any CPU
		{19404617-6BFC-4149-B40A-F70271CF56E0}.Debug|Any CPU.ActiveCfg = Debug|Any CPU
		{19404617-6BFC-4149-B40A-F70271CF56E0}.Debug|Any CPU.Build.0 = Debug|Any CPU
		{19404617-6BFC-4149-B40A-F70271CF56E0}.Release|Any CPU.ActiveCfg = Release|Any CPU
		{19404617-6BFC-4149-B40A-F70271CF56E0}.Release|Any CPU.Build.0 = Release|Any CPU
		{59B14CBB-CEB2-4EBF-9154-1A383EDF32E2}.Debug|Any CPU.ActiveCfg = Debug|Any CPU
		{59B14CBB-CEB2-4EBF-9154-1A383EDF32E2}.Debug|Any CPU.Build.0 = Debug|Any CPU
		{59B14CBB-CEB2-4EBF-9154-1A383EDF32E2}.Release|Any CPU.ActiveCfg = Release|Any CPU
		{59B14CBB-CEB2-4EBF-9154-1A383EDF32E2}.Release|Any CPU.Build.0 = Release|Any CPU
		{1F4414A5-54DF-4FCD-93E8-86ECE661A9E0}.Debug|Any CPU.ActiveCfg = Debug|Any CPU
		{1F4414A5-54DF-4FCD-93E8-86ECE661A9E0}.Debug|Any CPU.Build.0 = Debug|Any CPU
		{1F4414A5-54DF-4FCD-93E8-86ECE661A9E0}.Release|Any CPU.ActiveCfg = Release|Any CPU
		{1F4414A5-54DF-4FCD-93E8-86ECE661A9E0}.Release|Any CPU.Build.0 = Release|Any CPU
		{E6563443-24F6-48E5-A155-F51EE78C9770}.Debug|Any CPU.ActiveCfg = Debug|Any CPU
		{E6563443-24F6-48E5-A155-F51EE78C9770}.Debug|Any CPU.Build.0 = Debug|Any CPU
		{E6563443-24F6-48E5-A155-F51EE78C9770}.Release|Any CPU.ActiveCfg = Release|Any CPU
		{E6563443-24F6-48E5-A155-F51EE78C9770}.Release|Any CPU.Build.0 = Release|Any CPU
		{90CA196E-EDC2-4038-BB4F-0B4997C7EF9D}.Debug|Any CPU.ActiveCfg = Debug|Any CPU
		{90CA196E-EDC2-4038-BB4F-0B4997C7EF9D}.Debug|Any CPU.Build.0 = Debug|Any CPU
		{90CA196E-EDC2-4038-BB4F-0B4997C7EF9D}.Release|Any CPU.ActiveCfg = Release|Any CPU
		{90CA196E-EDC2-4038-BB4F-0B4997C7EF9D}.Release|Any CPU.Build.0 = Release|Any CPU
		{BB163347-D584-468A-845B-5A2694417E57}.Debug|Any CPU.ActiveCfg = Debug|Any CPU
		{BB163347-D584-468A-845B-5A2694417E57}.Debug|Any CPU.Build.0 = Debug|Any CPU
		{BB163347-D584-468A-845B-5A2694417E57}.Release|Any CPU.ActiveCfg = Release|Any CPU
		{BB163347-D584-468A-845B-5A2694417E57}.Release|Any CPU.Build.0 = Release|Any CPU
		{08B48333-49B3-4CF2-B228-48684B57E4AC}.Debug|Any CPU.ActiveCfg = Debug|Any CPU
		{08B48333-49B3-4CF2-B228-48684B57E4AC}.Debug|Any CPU.Build.0 = Debug|Any CPU
		{08B48333-49B3-4CF2-B228-48684B57E4AC}.Release|Any CPU.ActiveCfg = Release|Any CPU
		{08B48333-49B3-4CF2-B228-48684B57E4AC}.Release|Any CPU.Build.0 = Release|Any CPU
		{76148D34-32B2-46EB-8A3C-3C69B752030D}.Debug|Any CPU.ActiveCfg = Debug|Any CPU
		{76148D34-32B2-46EB-8A3C-3C69B752030D}.Debug|Any CPU.Build.0 = Debug|Any CPU
		{76148D34-32B2-46EB-8A3C-3C69B752030D}.Release|Any CPU.ActiveCfg = Release|Any CPU
		{76148D34-32B2-46EB-8A3C-3C69B752030D}.Release|Any CPU.Build.0 = Release|Any CPU
	EndGlobalSection
	GlobalSection(SolutionProperties) = preSolution
		HideSolutionNode = FALSE
	EndGlobalSection
	GlobalSection(ExtensibilityGlobals) = postSolution
		SolutionGuid = {6B7B956C-80EB-474E-B8A9-D1FFA5E3892E}
	EndGlobalSection
EndGlobal
